
Microsoft Visual Studio Solution File, Format Version 12.00
# Visual Studio Version 16
VisualStudioVersion = 16.0.31105.61
MinimumVisualStudioVersion = 10.0.40219.1
Project("{9A19103F-16F7-4668-BE54-9A1E7A4F7556}") = "EmployeesMvc", "EmployeesMvc\EmployeesMvc.csproj", "{CF1D186E-8670-4A87-9019-10AFD753D29B}"
EndProject
Project("{00D1A9C2-B5F0-4AF3-8072-F6C62B433612}") = "EmployeeDatabase", "EmployeeDatabase\EmployeeDatabase.sqlproj", "{3594F084-A3E9-4D6A-816D-90E834387C60}"
EndProject
Global
	GlobalSection(SolutionConfigurationPlatforms) = preSolution
		Debug|Any CPU = Debug|Any CPU
		Release|Any CPU = Release|Any CPU
	EndGlobalSection
	GlobalSection(ProjectConfigurationPlatforms) = postSolution
		{CF1D186E-8670-4A87-9019-10AFD753D29B}.Debug|Any CPU.ActiveCfg = Debug|Any CPU
		{CF1D186E-8670-4A87-9019-10AFD753D29B}.Debug|Any CPU.Build.0 = Debug|Any CPU
		{CF1D186E-8670-4A87-9019-10AFD753D29B}.Release|Any CPU.ActiveCfg = Release|Any CPU
		{CF1D186E-8670-4A87-9019-10AFD753D29B}.Release|Any CPU.Build.0 = Release|Any CPU
		{3594F084-A3E9-4D6A-816D-90E834387C60}.Debug|Any CPU.ActiveCfg = Debug|Any CPU
		{3594F084-A3E9-4D6A-816D-90E834387C60}.Debug|Any CPU.Build.0 = Debug|Any CPU
		{3594F084-A3E9-4D6A-816D-90E834387C60}.Debug|Any CPU.Deploy.0 = Debug|Any CPU
		{3594F084-A3E9-4D6A-816D-90E834387C60}.Release|Any CPU.ActiveCfg = Release|Any CPU
		{3594F084-A3E9-4D6A-816D-90E834387C60}.Release|Any CPU.Build.0 = Release|Any CPU
		{3594F084-A3E9-4D6A-816D-90E834387C60}.Release|Any CPU.Deploy.0 = Release|Any CPU
	EndGlobalSection
	GlobalSection(SolutionProperties) = preSolution
		HideSolutionNode = FALSE
	EndGlobalSection
	GlobalSection(ExtensibilityGlobals) = postSolution
		SolutionGuid = {388B6F8C-807B-4E26-AB3C-B2A24994DA75}
	EndGlobalSection
EndGlobal
